<?xml version="1.0" encoding="utf-8"?>
<Project ToolsVersion="4.0" xmlns="http://schemas.microsoft.com/developer/msbuild/2003">
  <ItemGroup>
    <Filter Include="源文件">
      <UniqueIdentifier>{4FC737F1-C7A5-4376-A066-2A32D752A2FF}</UniqueIdentifier>
      <Extensions>cpp;c;cc;cxx;def;odl;idl;hpj;bat;asm;asmx</Extensions>
    </Filter>
    <Filter Include="头文件">
      <UniqueIdentifier>{93995380-89BD-4b04-88EB-625FBE52EBFB}</UniqueIdentifier>
      <Extensions>h;hh;hpp;hxx;hm;inl;inc;ipp;xsd</Extensions>
    </Filter>
    <Filter Include="资源文件">
      <UniqueIdentifier>{67DA6AB6-F800-4c08-8B7A-83BB121AAD01}</UniqueIdentifier>
      <Extensions>rc;ico;cur;bmp;dlg;rc2;rct;bin;rgs;gif;jpg;jpeg;jpe;resx;tiff;tif;png;wav;mfcribbon-ms</Extensions>
    </Filter>
    <Filter Include="头文件\Shapes">
      <UniqueIdentifier>{f8eaa0f6-0cad-4fbf-85c3-a0c4f564f57e}</UniqueIdentifier>
    </Filter>
    <Filter Include="源文件\Shapes">
      <UniqueIdentifier>{66122fa3-662d-435e-b688-751f5808a2a2}</UniqueIdentifier>
    </Filter>
    <Filter Include="头文件\Dialogs">
      <UniqueIdentifier>{f6818f2c-48da-41a9-ba2a-f645b6fc3eb8}</UniqueIdentifier>
    </Filter>
    <Filter Include="源文件\Dialogs">
      <UniqueIdentifier>{4a891d92-af68-45a0-8f06-3c94da038950}</UniqueIdentifier>
    </Filter>
  </ItemGroup>
  <ItemGroup>
    <ClInclude Include="GeometrySketchpad.h">
      <Filter>头文件</Filter>
    </ClInclude>
    <ClInclude Include="stdafx.h">
      <Filter>头文件</Filter>
    </ClInclude>
    <ClInclude Include="targetver.h">
      <Filter>头文件</Filter>
    </ClInclude>
    <ClInclude Include="MainFrm.h">
      <Filter>头文件</Filter>
    </ClInclude>
    <ClInclude Include="GeometrySketchpadDoc.h">
      <Filter>头文件</Filter>
    </ClInclude>
    <ClInclude Include="GeometrySketchpadView.h">
      <Filter>头文件</Filter>
    </ClInclude>
    <ClInclude Include="Resource.h">
      <Filter>头文件</Filter>
    </ClInclude>
    <ClInclude Include="ShapeArray.h">
      <Filter>头文件</Filter>
    </ClInclude>
    <ClInclude Include="Shape.h">
      <Filter>头文件\Shapes</Filter>
    </ClInclude>
    <ClInclude Include="DialogAddPoint.h">
      <Filter>头文件\Dialogs</Filter>
    </ClInclude>
    <ClInclude Include="Circle.h">
      <Filter>头文件\Shapes</Filter>
    </ClInclude>
    <ClInclude Include="Point.h">
      <Filter>头文件\Shapes</Filter>
    </ClInclude>
    <ClInclude Include="Segment.h">
      <Filter>头文件\Shapes</Filter>
    </ClInclude>
    <ClInclude Include="Polygon.h">
      <Filter>头文件\Shapes</Filter>
    </ClInclude>
  </ItemGroup>
  <ItemGroup>
    <ClCompile Include="GeometrySketchpad.cpp">
      <Filter>源文件</Filter>
    </ClCompile>
    <ClCompile Include="stdafx.cpp">
      <Filter>源文件</Filter>
    </ClCompile>
    <ClCompile Include="MainFrm.cpp">
      <Filter>源文件</Filter>
    </ClCompile>
    <ClCompile Include="GeometrySketchpadDoc.cpp">
      <Filter>源文件</Filter>
    </ClCompile>
    <ClCompile Include="GeometrySketchpadView.cpp">
      <Filter>源文件</Filter>
    </ClCompile>
    <ClCompile Include="ShapeArray.cpp">
      <Filter>源文件</Filter>
    </ClCompile>
    <ClCompile Include="DialogAddPoint.cpp">
      <Filter>源文件\Dialogs</Filter>
    </ClCompile>
    <ClCompile Include="Point.cpp">
      <Filter>源文件\Shapes</Filter>
    </ClCompile>
    <ClCompile Include="Segment.cpp">
      <Filter>源文件\Shapes</Filter>
    </ClCompile>
    <ClCompile Include="Circle.cpp">
      <Filter>源文件\Shapes</Filter>
    </ClCompile>
    <ClCompile Include="Polygon.cpp">
      <Filter>源文件\Shapes</Filter>
    </ClCompile>
    <ClCompile Include="Shape.cpp">
      <Filter>源文件\Shapes</Filter>
    </ClCompile>
  </ItemGroup>
  <ItemGroup>
    <ResourceCompile Include="GeometrySketchpad.rc">
      <Filter>资源文件</Filter>
    </ResourceCompile>
  </ItemGroup>
  <ItemGroup>
    <None Include="res\GeometrySketchpad.rc2">
      <Filter>资源文件</Filter>
    </None>
  </ItemGroup>
  <ItemGroup>
    <Image Include="res\GeometrySketchpadDoc.ico">
      <Filter>资源文件</Filter>
    </Image>
    <Image Include="res\GeometrySketchpad.ico">
      <Filter>资源文件</Filter>
    </Image>
    <Image Include="res\Toolbar.bmp">
      <Filter>资源文件</Filter>
    </Image>
  </ItemGroup>
</Project>